
Microsoft Visual Studio Solution File, Format Version 12.00
# Visual Studio Version 16
VisualStudioVersion = 16.0.29215.179
MinimumVisualStudioVersion = 10.0.40219.1
Project("{8BC9CEB8-8B4A-11D0-8D11-00A0C91BC942}") = "SACarCam", "SACarCam\SACarCam.vcxproj", "{F06BC71F-1298-453C-83EA-D29C909403C5}"
EndProject
Global
	GlobalSection(SolutionConfigurationPlatforms) = preSolution
		Debug|x64 = Debug|x64
		Debug|x86 = Debug|x86
		DebugLCS|x64 = DebugLCS|x64
		DebugLCS|x86 = DebugLCS|x86
		DebugVC|x64 = DebugVC|x64
		DebugVC|x86 = DebugVC|x86
		Release|x64 = Release|x64
		Release|x86 = Release|x86
		ReleaseLCS|x64 = ReleaseLCS|x64
		ReleaseLCS|x86 = ReleaseLCS|x86
		ReleaseVC|x64 = ReleaseVC|x64
		ReleaseVC|x86 = ReleaseVC|x86
	EndGlobalSection
	GlobalSection(ProjectConfigurationPlatforms) = postSolution
		{F06BC71F-1298-453C-83EA-D29C909403C5}.Debug|x64.ActiveCfg = Debug|x64
		{F06BC71F-1298-453C-83EA-D29C909403C5}.Debug|x64.Build.0 = Debug|x64
		{F06BC71F-1298-453C-83EA-D29C909403C5}.Debug|x86.ActiveCfg = Debug|Win32
		{F06BC71F-1298-453C-83EA-D29C909403C5}.Debug|x86.Build.0 = Debug|Win32
		{F06BC71F-1298-453C-83EA-D29C909403C5}.DebugLCS|x64.ActiveCfg = DebugLCS|x64
		{F06BC71F-1298-453C-83EA-D29C909403C5}.DebugLCS|x64.Build.0 = DebugLCS|x64
		{F06BC71F-1298-453C-83EA-D29C909403C5}.DebugLCS|x86.ActiveCfg = DebugLCS|Win32
		{F06BC71F-1298-453C-83EA-D29C909403C5}.DebugLCS|x86.Build.0 = DebugLCS|Win32
		{F06BC71F-1298-453C-83EA-D29C909403C5}.DebugVC|x64.ActiveCfg = DebugVC|x64
		{F06BC71F-1298-453C-83EA-D29C909403C5}.DebugVC|x64.Build.0 = DebugVC|x64
		{F06BC71F-1298-453C-83EA-D29C909403C5}.DebugVC|x86.ActiveCfg = DebugVC|Win32
		{F06BC71F-1298-453C-83EA-D29C909403C5}.DebugVC|x86.Build.0 = DebugVC|Win32
		{F06BC71F-1298-453C-83EA-D29C909403C5}.Release|x64.ActiveCfg = Release|x64
		{F06BC71F-1298-453C-83EA-D29C909403C5}.Release|x64.Build.0 = Release|x64
		{F06BC71F-1298-453C-83EA-D29C909403C5}.Release|x86.ActiveCfg = Release|Win32
		{F06BC71F-1298-453C-83EA-D29C909403C5}.Release|x86.Build.0 = Release|Win32
		{F06BC71F-1298-453C-83EA-D29C909403C5}.ReleaseLCS|x64.ActiveCfg = ReleaseLCS|x64
		{F06BC71F-1298-453C-83EA-D29C909403C5}.ReleaseLCS|x64.Build.0 = ReleaseLCS|x64
		{F06BC71F-1298-453C-83EA-D29C909403C5}.ReleaseLCS|x86.ActiveCfg = ReleaseLCS|Win32
		{F06BC71F-1298-453C-83EA-D29C909403C5}.ReleaseLCS|x86.Build.0 = ReleaseLCS|Win32
		{F06BC71F-1298-453C-83EA-D29C909403C5}.ReleaseVC|x64.ActiveCfg = ReleaseVC|x64
		{F06BC71F-1298-453C-83EA-D29C909403C5}.ReleaseVC|x64.Build.0 = ReleaseVC|x64
		{F06BC71F-1298-453C-83EA-D29C909403C5}.ReleaseVC|x86.ActiveCfg = ReleaseVC|Win32
		{F06BC71F-1298-453C-83EA-D29C909403C5}.ReleaseVC|x86.Build.0 = ReleaseVC|Win32
	EndGlobalSection
	GlobalSection(SolutionProperties) = preSolution
		HideSolutionNode = FALSE
	EndGlobalSection
	GlobalSection(ExtensibilityGlobals) = postSolution
		SolutionGuid = {0868CAA7-5624-4C86-A01C-D155850F99A5}
	EndGlobalSection
EndGlobal
